// !$*UTF8*$!
{
	archiveVersion = 1;
	classes = {
	};
	objectVersion = 46;
	objects = {

/* Begin PBXBuildFile section */
		486BA73419A4393700E4DC0E /* Foundation.framework in Frameworks */ = {isa = PBXBuildFile; fileRef = 486BA73319A4393700E4DC0E /* Foundation.framework */; };
		486BA73619A4393700E4DC0E /* CoreGraphics.framework in Frameworks */ = {isa = PBXBuildFile; fileRef = 486BA73519A4393700E4DC0E /* CoreGraphics.framework */; };
		486BA73819A4393700E4DC0E /* UIKit.framework in Frameworks */ = {isa = PBXBuildFile; fileRef = 486BA73719A4393700E4DC0E /* UIKit.framework */; };
		486BA73A19A4393700E4DC0E /* CoreData.framework in Frameworks */ = {isa = PBXBuildFile; fileRef = 486BA73919A4393700E4DC0E /* CoreData.framework */; };
		486BA74019A4393700E4DC0E /* InfoPlist.strings in Resources */ = {isa = PBXBuildFile; fileRef = 486BA73E19A4393700E4DC0E /* InfoPlist.strings */; };
		486BA74219A4393700E4DC0E /* main.m in Sources */ = {isa = PBXBuildFile; fileRef = 486BA74119A4393700E4DC0E /* main.m */; };
		486BA74619A4393700E4DC0E /* BSAppDelegate.m in Sources */ = {isa = PBXBuildFile; fileRef = 486BA74519A4393700E4DC0E /* BSAppDelegate.m */; };
		486BA74919A4393700E4DC0E /* mogenerator_issue240.xcdatamodeld in Sources */ = {isa = PBXBuildFile; fileRef = 486BA74719A4393700E4DC0E /* mogenerator_issue240.xcdatamodeld */; };
		486BA74B19A4393700E4DC0E /* Images.xcassets in Resources */ = {isa = PBXBuildFile; fileRef = 486BA74A19A4393700E4DC0E /* Images.xcassets */; };
		486BA75219A4393700E4DC0E /* XCTest.framework in Frameworks */ = {isa = PBXBuildFile; fileRef = 486BA75119A4393700E4DC0E /* XCTest.framework */; };
		486BA75319A4393700E4DC0E /* Foundation.framework in Frameworks */ = {isa = PBXBuildFile; fileRef = 486BA73319A4393700E4DC0E /* Foundation.framework */; };
		486BA75419A4393700E4DC0E /* UIKit.framework in Frameworks */ = {isa = PBXBuildFile; fileRef = 486BA73719A4393700E4DC0E /* UIKit.framework */; };
		486BA75519A4393700E4DC0E /* CoreData.framework in Frameworks */ = {isa = PBXBuildFile; fileRef = 486BA73919A4393700E4DC0E /* CoreData.framework */; };
		486BA75D19A4393700E4DC0E /* InfoPlist.strings in Resources */ = {isa = PBXBuildFile; fileRef = 486BA75B19A4393700E4DC0E /* InfoPlist.strings */; };
		486BA75F19A4393700E4DC0E /* mogenerator_issue240Tests.m in Sources */ = {isa = PBXBuildFile; fileRef = 486BA75E19A4393700E4DC0E /* mogenerator_issue240Tests.m */; };
		486BA76A19A439AC00E4DC0E /* BSCoreDataUtils.m in Sources */ = {isa = PBXBuildFile; fileRef = 486BA76919A439AC00E4DC0E /* BSCoreDataUtils.m */; };
		486BA76C19A43D9E00E4DC0E /* BSMutableSetValueForKey.m in Sources */ = {isa = PBXBuildFile; fileRef = 486BA76B19A43D9E00E4DC0E /* BSMutableSetValueForKey.m */; };
/* End PBXBuildFile section */

/* Begin PBXContainerItemProxy section */
		486BA75619A4393700E4DC0E /* PBXContainerItemProxy */ = {
			isa = PBXContainerItemProxy;
			containerPortal = 486BA72819A4393700E4DC0E /* Project object */;
			proxyType = 1;
			remoteGlobalIDString = 486BA72F19A4393700E4DC0E;
			remoteInfo = "mogenerator-issue240";
		};
/* End PBXContainerItemProxy section */

/* Begin PBXFileReference section */
		486BA73019A4393700E4DC0E /* mogenerator-issue240.app */ = {isa = PBXFileReference; explicitFileType = wrapper.application; includeInIndex = 0; path = "mogenerator-issue240.app"; sourceTree = BUILT_PRODUCTS_DIR; };
		486BA73319A4393700E4DC0E /* Foundation.framework */ = {isa = PBXFileReference; lastKnownFileType = wrapper.framework; name = Foundation.framework; path = System/Library/Frameworks/Foundation.framework; sourceTree = SDKROOT; };
		486BA73519A4393700E4DC0E /* CoreGraphics.framework */ = {isa = PBXFileReference; lastKnownFileType = wrapper.framework; name = CoreGraphics.framework; path = System/Library/Frameworks/CoreGraphics.framework; sourceTree = SDKROOT; };
		486BA73719A4393700E4DC0E /* UIKit.framework */ = {isa = PBXFileReference; lastKnownFileType = wrapper.framework; name = UIKit.framework; path = System/Library/Frameworks/UIKit.framework; sourceTree = SDKROOT; };
		486BA73919A4393700E4DC0E /* CoreData.framework */ = {isa = PBXFileReference; lastKnownFileType = wrapper.framework; name = CoreData.framework; path = System/Library/Frameworks/CoreData.framework; sourceTree = SDKROOT; };
		486BA73D19A4393700E4DC0E /* mogenerator-issue240-Info.plist */ = {isa = PBXFileReference; lastKnownFileType = text.plist.xml; path = "mogenerator-issue240-Info.plist"; sourceTree = "<group>"; };
		486BA73F19A4393700E4DC0E /* en */ = {isa = PBXFileReference; lastKnownFileType = text.plist.strings; name = en; path = en.lproj/InfoPlist.strings; sourceTree = "<group>"; };
		486BA74119A4393700E4DC0E /* main.m */ = {isa = PBXFileReference; lastKnownFileType = sourcecode.c.objc; path = main.m; sourceTree = "<group>"; };
		486BA74319A4393700E4DC0E /* mogenerator-issue240-Prefix.pch */ = {isa = PBXFileReference; lastKnownFileType = sourcecode.c.h; path = "mogenerator-issue240-Prefix.pch"; sourceTree = "<group>"; };
		486BA74419A4393700E4DC0E /* BSAppDelegate.h */ = {isa = PBXFileReference; lastKnownFileType = sourcecode.c.h; path = BSAppDelegate.h; sourceTree = "<group>"; };
		486BA74519A4393700E4DC0E /* BSAppDelegate.m */ = {isa = PBXFileReference; lastKnownFileType = sourcecode.c.objc; path = BSAppDelegate.m; sourceTree = "<group>"; };
		486BA74819A4393700E4DC0E /* mogenerator_issue240.xcdatamodel */ = {isa = PBXFileReference; lastKnownFileType = wrapper.xcdatamodel; path = mogenerator_issue240.xcdatamodel; sourceTree = "<group>"; };
		486BA74A19A4393700E4DC0E /* Images.xcassets */ = {isa = PBXFileReference; lastKnownFileType = folder.assetcatalog; path = Images.xcassets; sourceTree = "<group>"; };
		486BA75019A4393700E4DC0E /* mogenerator-issue240Tests.xctest */ = {isa = PBXFileReference; explicitFileType = wrapper.cfbundle; includeInIndex = 0; path = "mogenerator-issue240Tests.xctest"; sourceTree = BUILT_PRODUCTS_DIR; };
		486BA75119A4393700E4DC0E /* XCTest.framework */ = {isa = PBXFileReference; lastKnownFileType = wrapper.framework; name = XCTest.framework; path = Library/Frameworks/XCTest.framework; sourceTree = DEVELOPER_DIR; };
		486BA75A19A4393700E4DC0E /* mogenerator-issue240Tests-Info.plist */ = {isa = PBXFileReference; lastKnownFileType = text.plist.xml; path = "mogenerator-issue240Tests-Info.plist"; sourceTree = "<group>"; };
		486BA75C19A4393700E4DC0E /* en */ = {isa = PBXFileReference; lastKnownFileType = text.plist.strings; name = en; path = en.lproj/InfoPlist.strings; sourceTree = "<group>"; };
		486BA75E19A4393700E4DC0E /* mogenerator_issue240Tests.m */ = {isa = PBXFileReference; lastKnownFileType = sourcecode.c.objc; path = mogenerator_issue240Tests.m; sourceTree = "<group>"; };
		486BA76819A439AC00E4DC0E /* BSCoreDataUtils.h */ = {isa = PBXFileReference; fileEncoding = 4; lastKnownFileType = sourcecode.c.h; path = BSCoreDataUtils.h; sourceTree = "<group>"; };
		486BA76919A439AC00E4DC0E /* BSCoreDataUtils.m */ = {isa = PBXFileReference; fileEncoding = 4; lastKnownFileType = sourcecode.c.objc; path = BSCoreDataUtils.m; sourceTree = "<group>"; };
		486BA76B19A43D9E00E4DC0E /* BSMutableSetValueForKey.m */ = {isa = PBXFileReference; fileEncoding = 4; lastKnownFileType = sourcecode.c.objc; path = BSMutableSetValueForKey.m; sourceTree = "<group>"; };
/* End PBXFileReference section */

/* Begin PBXFrameworksBuildPhase section */
		486BA72D19A4393700E4DC0E /* Frameworks */ = {
			isa = PBXFrameworksBuildPhase;
			buildActionMask = 2147483647;
			files = (
				486BA73619A4393700E4DC0E /* CoreGraphics.framework in Frameworks */,
				486BA73A19A4393700E4DC0E /* CoreData.framework in Frameworks */,
				486BA73819A4393700E4DC0E /* UIKit.framework in Frameworks */,
				486BA73419A4393700E4DC0E /* Foundation.framework in Frameworks */,
			);
			runOnlyForDeploymentPostprocessing = 0;
		};
		486BA74D19A4393700E4DC0E /* Frameworks */ = {
			isa = PBXFrameworksBuildPhase;
			buildActionMask = 2147483647;
			files = (
				486BA75219A4393700E4DC0E /* XCTest.framework in Frameworks */,
				486BA75519A4393700E4DC0E /* CoreData.framework in Frameworks */,
				486BA75419A4393700E4DC0E /* UIKit.framework in Frameworks */,
				486BA75319A4393700E4DC0E /* Foundation.framework in Frameworks */,
			);
			runOnlyForDeploymentPostprocessing = 0;
		};
/* End PBXFrameworksBuildPhase section */

/* Begin PBXGroup section */
		486BA72719A4393700E4DC0E = {
			isa = PBXGroup;
			children = (
				486BA73B19A4393700E4DC0E /* mogenerator-issue240 */,
				486BA75819A4393700E4DC0E /* mogenerator-issue240Tests */,
				486BA73219A4393700E4DC0E /* Frameworks */,
				486BA73119A4393700E4DC0E /* Products */,
			);
			sourceTree = "<group>";
		};
		486BA73119A4393700E4DC0E /* Products */ = {
			isa = PBXGroup;
			children = (
				486BA73019A4393700E4DC0E /* mogenerator-issue240.app */,
				486BA75019A4393700E4DC0E /* mogenerator-issue240Tests.xctest */,
			);
			name = Products;
			sourceTree = "<group>";
		};
		486BA73219A4393700E4DC0E /* Frameworks */ = {
			isa = PBXGroup;
			children = (
				486BA73319A4393700E4DC0E /* Foundation.framework */,
				486BA73519A4393700E4DC0E /* CoreGraphics.framework */,
				486BA73719A4393700E4DC0E /* UIKit.framework */,
				486BA73919A4393700E4DC0E /* CoreData.framework */,
				486BA75119A4393700E4DC0E /* XCTest.framework */,
			);
			name = Frameworks;
			sourceTree = "<group>";
		};
		486BA73B19A4393700E4DC0E /* mogenerator-issue240 */ = {
			isa = PBXGroup;
			children = (
				486BA74419A4393700E4DC0E /* BSAppDelegate.h */,
				486BA74519A4393700E4DC0E /* BSAppDelegate.m */,
				486BA74A19A4393700E4DC0E /* Images.xcassets */,
				486BA74719A4393700E4DC0E /* mogenerator_issue240.xcdatamodeld */,
				486BA73C19A4393700E4DC0E /* Supporting Files */,
				486BA76819A439AC00E4DC0E /* BSCoreDataUtils.h */,
				486BA76919A439AC00E4DC0E /* BSCoreDataUtils.m */,
			);
			path = "mogenerator-issue240";
			sourceTree = "<group>";
		};
		486BA73C19A4393700E4DC0E /* Supporting Files */ = {
			isa = PBXGroup;
			children = (
				486BA73D19A4393700E4DC0E /* mogenerator-issue240-Info.plist */,
				486BA73E19A4393700E4DC0E /* InfoPlist.strings */,
				486BA74119A4393700E4DC0E /* main.m */,
				486BA74319A4393700E4DC0E /* mogenerator-issue240-Prefix.pch */,
			);
			name = "Supporting Files";
			sourceTree = "<group>";
		};
		486BA75819A4393700E4DC0E /* mogenerator-issue240Tests */ = {
			isa = PBXGroup;
			children = (
				486BA75E19A4393700E4DC0E /* mogenerator_issue240Tests.m */,
				486BA75919A4393700E4DC0E /* Supporting Files */,
				486BA76B19A43D9E00E4DC0E /* BSMutableSetValueForKey.m */,
			);
			path = "mogenerator-issue240Tests";
			sourceTree = "<group>";
		};
		486BA75919A4393700E4DC0E /* Supporting Files */ = {
			isa = PBXGroup;
			children = (
				486BA75A19A4393700E4DC0E /* mogenerator-issue240Tests-Info.plist */,
				486BA75B19A4393700E4DC0E /* InfoPlist.strings */,
			);
			name = "Supporting Files";
			sourceTree = "<group>";
		};
/* End PBXGroup section */

/* Begin PBXNativeTarget section */
		486BA72F19A4393700E4DC0E /* mogenerator-issue240 */ = {
			isa = PBXNativeTarget;
			buildConfigurationList = 486BA76219A4393700E4DC0E /* Build configuration list for PBXNativeTarget "mogenerator-issue240" */;
			buildPhases = (
				486BA72C19A4393700E4DC0E /* Sources */,
				486BA72D19A4393700E4DC0E /* Frameworks */,
				486BA72E19A4393700E4DC0E /* Resources */,
			);
			buildRules = (
			);
			dependencies = (
			);
			name = "mogenerator-issue240";
			productName = "mogenerator-issue240";
			productReference = 486BA73019A4393700E4DC0E /* mogenerator-issue240.app */;
			productType = "com.apple.product-type.application";
		};
		486BA74F19A4393700E4DC0E /* mogenerator-issue240Tests */ = {
			isa = PBXNativeTarget;
			buildConfigurationList = 486BA76519A4393700E4DC0E /* Build configuration list for PBXNativeTarget "mogenerator-issue240Tests" */;
			buildPhases = (
				486BA74C19A4393700E4DC0E /* Sources */,
				486BA74D19A4393700E4DC0E /* Frameworks */,
				486BA74E19A4393700E4DC0E /* Resources */,
			);
			buildRules = (
			);
			dependencies = (
				486BA75719A4393700E4DC0E /* PBXTargetDependency */,
			);
			name = "mogenerator-issue240Tests";
			productName = "mogenerator-issue240Tests";
			productReference = 486BA75019A4393700E4DC0E /* mogenerator-issue240Tests.xctest */;
			productType = "com.apple.product-type.bundle.unit-test";
		};
/* End PBXNativeTarget section */

/* Begin PBXProject section */
		486BA72819A4393700E4DC0E /* Project object */ = {
			isa = PBXProject;
			attributes = {
				CLASSPREFIX = BS;
				LastUpgradeCheck = 0510;
				ORGANIZATIONNAME = "Bryan Smith";
				TargetAttributes = {
					486BA74F19A4393700E4DC0E = {
						TestTargetID = 486BA72F19A4393700E4DC0E;
					};
				};
			};
			buildConfigurationList = 486BA72B19A4393700E4DC0E /* Build configuration list for PBXProject "mogenerator-issue240" */;
			compatibilityVersion = "Xcode 3.2";
			developmentRegion = English;
			hasScannedForEncodings = 0;
			knownRegions = (
				en,
			);
			mainGroup = 486BA72719A4393700E4DC0E;
			productRefGroup = 486BA73119A4393700E4DC0E /* Products */;
			projectDirPath = "";
			projectRoot = "";
			targets = (
				486BA72F19A4393700E4DC0E /* mogenerator-issue240 */,
				486BA74F19A4393700E4DC0E /* mogenerator-issue240Tests */,
			);
		};
/* End PBXProject section */

/* Begin PBXResourcesBuildPhase section */
		486BA72E19A4393700E4DC0E /* Resources */ = {
			isa = PBXResourcesBuildPhase;
			buildActionMask = 2147483647;
			files = (
				486BA74019A4393700E4DC0E /* InfoPlist.strings in Resources */,
				486BA74B19A4393700E4DC0E /* Images.xcassets in Resources */,
			);
			runOnlyForDeploymentPostprocessing = 0;
		};
		486BA74E19A4393700E4DC0E /* Resources */ = {
			isa = PBXResourcesBuildPhase;
			buildActionMask = 2147483647;
			files = (
				486BA75D19A4393700E4DC0E /* InfoPlist.strings in Resources */,
			);
			runOnlyForDeploymentPostprocessing = 0;
		};
/* End PBXResourcesBuildPhase section */

/* Begin PBXSourcesBuildPhase section */
		486BA72C19A4393700E4DC0E /* Sources */ = {
			isa = PBXSourcesBuildPhase;
			buildActionMask = 2147483647;
			files = (
				486BA74219A4393700E4DC0E /* main.m in Sources */,
				486BA76A19A439AC00E4DC0E /* BSCoreDataUtils.m in Sources */,
				486BA74919A4393700E4DC0E /* mogenerator_issue240.xcdatamodeld in Sources */,
				486BA74619A4393700E4DC0E /* BSAppDelegate.m in Sources */,
			);
			runOnlyForDeploymentPostprocessing = 0;
		};
		486BA74C19A4393700E4DC0E /* Sources */ = {
			isa = PBXSourcesBuildPhase;
			buildActionMask = 2147483647;
			files = (
				486BA76C19A43D9E00E4DC0E /* BSMutableSetValueForKey.m in Sources */,
				486BA75F19A4393700E4DC0E /* mogenerator_issue240Tests.m in Sources */,
			);
			runOnlyForDeploymentPostprocessing = 0;
		};
/* End PBXSourcesBuildPhase section */

/* Begin PBXTargetDependency section */
		486BA75719A4393700E4DC0E /* PBXTargetDependency */ = {
			isa = PBXTargetDependency;
			target = 486BA72F19A4393700E4DC0E /* mogenerator-issue240 */;
			targetProxy = 486BA75619A4393700E4DC0E /* PBXContainerItemProxy */;
		};
/* End PBXTargetDependency section */

/* Begin PBXVariantGroup section */
		486BA73E19A4393700E4DC0E /* InfoPlist.strings */ = {
			isa = PBXVariantGroup;
			children = (
				486BA73F19A4393700E4DC0E /* en */,
			);
			name = InfoPlist.strings;
			sourceTree = "<group>";
		};
		486BA75B19A4393700E4DC0E /* InfoPlist.strings */ = {
			isa = PBXVariantGroup;
			children = (
				486BA75C19A4393700E4DC0E /* en */,
			);
			name = InfoPlist.strings;
			sourceTree = "<group>";
		};
/* End PBXVariantGroup section */

/* Begin XCBuildConfiguration section */
		486BA76019A4393700E4DC0E /* Debug */ = {
			isa = XCBuildConfiguration;
			buildSettings = {
				ALWAYS_SEARCH_USER_PATHS = NO;
				CLANG_CXX_LANGUAGE_STANDARD = "gnu++0x";
				CLANG_CXX_LIBRARY = "libc++";
				CLANG_ENABLE_MODULES = YES;
				CLANG_ENABLE_OBJC_ARC = YES;
				CLANG_WARN_BOOL_CONVERSION = YES;
				CLANG_WARN_CONSTANT_CONVERSION = YES;
				CLANG_WARN_DIRECT_OBJC_ISA_USAGE = YES_ERROR;
				CLANG_WARN_EMPTY_BODY = YES;
				CLANG_WARN_ENUM_CONVERSION = YES;
				CLANG_WARN_INT_CONVERSION = YES;
				CLANG_WARN_OBJC_ROOT_CLASS = YES_ERROR;
				CLANG_WARN__DUPLICATE_METHOD_MATCH = YES;
				"CODE_SIGN_IDENTITY[sdk=iphoneos*]" = "iPhone Developer";
				COPY_PHASE_STRIP = NO;
				GCC_C_LANGUAGE_STANDARD = gnu99;
				GCC_DYNAMIC_NO_PIC = NO;
				GCC_OPTIMIZATION_LEVEL = 0;
				GCC_PREPROCESSOR_DEFINITIONS = (
					"DEBUG=1",
					"$(inherited)",
				);
				GCC_SYMBOLS_PRIVATE_EXTERN = NO;
				GCC_WARN_64_TO_32_BIT_CONVERSION = YES;
				GCC_WARN_ABOUT_RETURN_TYPE = YES_ERROR;
				GCC_WARN_UNDECLARED_SELECTOR = YES;
				GCC_WARN_UNINITIALIZED_AUTOS = YES_AGGRESSIVE;
				GCC_WARN_UNUSED_FUNCTION = YES;
				GCC_WARN_UNUSED_VARIABLE = YES;
				IPHONEOS_DEPLOYMENT_TARGET = 7.1;
				ONLY_ACTIVE_ARCH = YES;
				SDKROOT = iphoneos;
				TARGETED_DEVICE_FAMILY = "1,2";
			};
			name = Debug;
		};
		486BA76119A4393700E4DC0E /* Release */ = {
			isa = XCBuildConfiguration;
			buildSettings = {
				ALWAYS_SEARCH_USER_PATHS = NO;
				CLANG_CXX_LANGUAGE_STANDARD = "gnu++0x";
				CLANG_CXX_LIBRARY = "libc++";
				CLANG_ENABLE_MODULES = YES;
				CLANG_ENABLE_OBJC_ARC = YES;
				CLANG_WARN_BOOL_CONVERSION = YES;
				CLANG_WARN_CONSTANT_CONVERSION = YES;
				CLANG_WARN_DIRECT_OBJC_ISA_USAGE = YES_ERROR;
				CLANG_WARN_EMPTY_BODY = YES;
				CLANG_WARN_ENUM_CONVERSION = YES;
				CLANG_WARN_INT_CONVERSION = YES;
				CLANG_WARN_OBJC_ROOT_CLASS = YES_ERROR;
				CLANG_WARN__DUPLICATE_METHOD_MATCH = YES;
				"CODE_SIGN_IDENTITY[sdk=iphoneos*]" = "iPhone Developer";
				COPY_PHASE_STRIP = YES;
				ENABLE_NS_ASSERTIONS = NO;
				GCC_C_LANGUAGE_STANDARD = gnu99;
				GCC_WARN_64_TO_32_BIT_CONVERSION = YES;
				GCC_WARN_ABOUT_RETURN_TYPE = YES_ERROR;
				GCC_WARN_UNDECLARED_SELECTOR = YES;
				GCC_WARN_UNINITIALIZED_AUTOS = YES_AGGRESSIVE;
				GCC_WARN_UNUSED_FUNCTION = YES;
				GCC_WARN_UNUSED_VARIABLE = YES;
				IPHONEOS_DEPLOYMENT_TARGET = 7.1;
				SDKROOT = iphoneos;
				TARGETED_DEVICE_FAMILY = "1,2";
				VALIDATE_PRODUCT = YES;
			};
			name = Release;
		};
		486BA76319A4393700E4DC0E /* Debug */ = {
			isa = XCBuildConfiguration;
			buildSettings = {
				ASSETCATALOG_COMPILER_APPICON_NAME = AppIcon;
				ASSETCATALOG_COMPILER_LAUNCHIMAGE_NAME = LaunchImage;
				GCC_PRECOMPILE_PREFIX_HEADER = YES;
				GCC_PREFIX_HEADER = "mogenerator-issue240/mogenerator-issue240-Prefix.pch";
				INFOPLIST_FILE = "mogenerator-issue240/mogenerator-issue240-Info.plist";
				PRODUCT_NAME = "$(TARGET_NAME)";
				WRAPPER_EXTENSION = app;
			};
			name = Debug;
		};
		486BA76419A4393700E4DC0E /* Release */ = {
			isa = XCBuildConfiguration;
			buildSettings = {
				ASSETCATALOG_COMPILER_APPICON_NAME = AppIcon;
				ASSETCATALOG_COMPILER_LAUNCHIMAGE_NAME = LaunchImage;
				GCC_PRECOMPILE_PREFIX_HEADER = YES;
				GCC_PREFIX_HEADER = "mogenerator-issue240/mogenerator-issue240-Prefix.pch";
				INFOPLIST_FILE = "mogenerator-issue240/mogenerator-issue240-Info.plist";
				PRODUCT_NAME = "$(TARGET_NAME)";
				WRAPPER_EXTENSION = app;
			};
			name = Release;
		};
		486BA76619A4393700E4DC0E /* Debug */ = {
			isa = XCBuildConfiguration;
			buildSettings = {
				BUNDLE_LOADER = "$(BUILT_PRODUCTS_DIR)/mogenerator-issue240.app/mogenerator-issue240";
				FRAMEWORK_SEARCH_PATHS = (
					"$(SDKROOT)/Developer/Library/Frameworks",
					"$(inherited)",
					"$(DEVELOPER_FRAMEWORKS_DIR)",
				);
				GCC_PRECOMPILE_PREFIX_HEADER = YES;
				GCC_PREFIX_HEADER = "mogenerator-issue240/mogenerator-issue240-Prefix.pch";
				GCC_PREPROCESSOR_DEFINITIONS = (
					"DEBUG=1",
					"$(inherited)",
				);
				INFOPLIST_FILE = "mogenerator-issue240Tests/mogenerator-issue240Tests-Info.plist";
				PRODUCT_NAME = "$(TARGET_NAME)";
				TEST_HOST = "$(BUNDLE_LOADER)";
				WRAPPER_EXTENSION = xctest;
			};
			name = Debug;
		};
		486BA76719A4393700E4DC0E /* Release */ = {
			isa = XCBuildConfiguration;
			buildSettings = {
				BUNDLE_LOADER = "$(BUILT_PRODUCTS_DIR)/mogenerator-issue240.app/mogenerator-issue240";
				FRAMEWORK_SEARCH_PATHS = (
					"$(SDKROOT)/Developer/Library/Frameworks",
					"$(inherited)",
					"$(DEVELOPER_FRAMEWORKS_DIR)",
				);
				GCC_PRECOMPILE_PREFIX_HEADER = YES;
				GCC_PREFIX_HEADER = "mogenerator-issue240/mogenerator-issue240-Prefix.pch";
				INFOPLIST_FILE = "mogenerator-issue240Tests/mogenerator-issue240Tests-Info.plist";
				PRODUCT_NAME = "$(TARGET_NAME)";
				TEST_HOST = "$(BUNDLE_LOADER)";
				WRAPPER_EXTENSION = xctest;
			};
			name = Release;
		};
/* End XCBuildConfiguration section */

/* Begin XCConfigurationList section */
		486BA72B19A4393700E4DC0E /* Build configuration list for PBXProject "mogenerator-issue240" */ = {
			isa = XCConfigurationList;
			buildConfigurations = (
				486BA76019A4393700E4DC0E /* Debug */,
				486BA76119A4393700E4DC0E /* Release */,
			);
			defaultConfigurationIsVisible = 0;
			defaultConfigurationName = Release;
		};
		486BA76219A4393700E4DC0E /* Build configuration list for PBXNativeTarget "mogenerator-issue240" */ = {
			isa = XCConfigurationList;
			buildConfigurations = (
				486BA76319A4393700E4DC0E /* Debug */,
				486BA76419A4393700E4DC0E /* Release */,
			);
			defaultConfigurationIsVisible = 0;
		};
		486BA76519A4393700E4DC0E /* Build configuration list for PBXNativeTarget "mogenerator-issue240Tests" */ = {
			isa = XCConfigurationList;
			buildConfigurations = (
				486BA76619A4393700E4DC0E /* Debug */,
				486BA76719A4393700E4DC0E /* Release */,
			);
			defaultConfigurationIsVisible = 0;
		};
/* End XCConfigurationList section */

/* Begin XCVersionGroup section */
		486BA74719A4393700E4DC0E /* mogenerator_issue240.xcdatamodeld */ = {
			isa = XCVersionGroup;
			children = (
				486BA74819A4393700E4DC0E /* mogenerator_issue240.xcdatamodel */,
			);
			currentVersion = 486BA74819A4393700E4DC0E /* mogenerator_issue240.xcdatamodel */;
			path = mogenerator_issue240.xcdatamodeld;
			sourceTree = "<group>";
			versionGroupType = wrapper.xcdatamodel;
		};
/* End XCVersionGroup section */
	};
	rootObject = 486BA72819A4393700E4DC0E /* Project object */;
}
